// !$*UTF8*$!
{
	archiveVersion = 1;
	classes = {
	};
	objectVersion = 48;
	objects = {

/* Begin PBXBuildFile section */
		3412515A204FBCF1004C901D /* AppDelegate.swift in Sources */ = {isa = PBXBuildFile; fileRef = 34125159204FBCF1004C901D /* AppDelegate.swift */; };
		3412515C204FBCF1004C901D /* ViewController.swift in Sources */ = {isa = PBXBuildFile; fileRef = 3412515B204FBCF1004C901D /* ViewController.swift */; };
		3412515F204FBCF1004C901D /* Main.storyboard in Resources */ = {isa = PBXBuildFile; fileRef = 3412515D204FBCF1004C901D /* Main.storyboard */; };
		34125161204FBCF1004C901D /* Assets.xcassets in Resources */ = {isa = PBXBuildFile; fileRef = 34125160204FBCF1004C901D /* Assets.xcassets */; };
		34125164204FBCF1004C901D /* LaunchScreen.storyboard in Resources */ = {isa = PBXBuildFile; fileRef = 34125162204FBCF1004C901D /* LaunchScreen.storyboard */; };
		3412516F204FBCF1004C901D /* My_First_AppTests.swift in Sources */ = {isa = PBXBuildFile; fileRef = 3412516E204FBCF1004C901D /* My_First_AppTests.swift */; };
		3412517A204FBCF1004C901D /* My_First_AppUITests.swift in Sources */ = {isa = PBXBuildFile; fileRef = 34125179204FBCF1004C901D /* My_First_AppUITests.swift */; };
/* End PBXBuildFile section */

/* Begin PBXContainerItemProxy section */
		3412516B204FBCF1004C901D /* PBXContainerItemProxy */ = {
			isa = PBXContainerItemProxy;
			containerPortal = 3412514E204FBCF1004C901D /* Project object */;
			proxyType = 1;
			remoteGlobalIDString = 34125155204FBCF1004C901D;
			remoteInfo = "My First App";
		};
		34125176204FBCF1004C901D /* PBXContainerItemProxy */ = {
			isa = PBXContainerItemProxy;
			containerPortal = 3412514E204FBCF1004C901D /* Project object */;
			proxyType = 1;
			remoteGlobalIDString = 34125155204FBCF1004C901D;
			remoteInfo = "My First App";
		};
/* End PBXContainerItemProxy section */

/* Begin PBXFileReference section */
		34125156204FBCF1004C901D /* My First App.app */ = {isa = PBXFileReference; explicitFileType = wrapper.application; includeInIndex = 0; path = "My First App.app"; sourceTree = BUILT_PRODUCTS_DIR; };
		34125159204FBCF1004C901D /* AppDelegate.swift */ = {isa = PBXFileReference; lastKnownFileType = sourcecode.swift; path = AppDelegate.swift; sourceTree = "<group>"; };
		3412515B204FBCF1004C901D /* ViewController.swift */ = {isa = PBXFileReference; lastKnownFileType = sourcecode.swift; path = ViewController.swift; sourceTree = "<group>"; };
		3412515E204FBCF1004C901D /* Base */ = {isa = PBXFileReference; lastKnownFileType = file.storyboard; name = Base; path = Base.lproj/Main.storyboard; sourceTree = "<group>"; };
		34125160204FBCF1004C901D /* Assets.xcassets */ = {isa = PBXFileReference; lastKnownFileType = folder.assetcatalog; path = Assets.xcassets; sourceTree = "<group>"; };
		34125163204FBCF1004C901D /* Base */ = {isa = PBXFileReference; lastKnownFileType = file.storyboard; name = Base; path = Base.lproj/LaunchScreen.storyboard; sourceTree = "<group>"; };
		34125165204FBCF1004C901D /* Info.plist */ = {isa = PBXFileReference; lastKnownFileType = text.plist.xml; path = Info.plist; sourceTree = "<group>"; };
		3412516A204FBCF1004C901D /* My First AppTests.xctest */ = {isa = PBXFileReference; explicitFileType = wrapper.cfbundle; includeInIndex = 0; path = "My First AppTests.xctest"; sourceTree = BUILT_PRODUCTS_DIR; };
		3412516E204FBCF1004C901D /* My_First_AppTests.swift */ = {isa = PBXFileReference; lastKnownFileType = sourcecode.swift; path = My_First_AppTests.swift; sourceTree = "<group>"; };
		34125170204FBCF1004C901D /* Info.plist */ = {isa = PBXFileReference; lastKnownFileType = text.plist.xml; path = Info.plist; sourceTree = "<group>"; };
		34125175204FBCF1004C901D /* My First AppUITests.xctest */ = {isa = PBXFileReference; explicitFileType = wrapper.cfbundle; includeInIndex = 0; path = "My First AppUITests.xctest"; sourceTree = BUILT_PRODUCTS_DIR; };
		34125179204FBCF1004C901D /* My_First_AppUITests.swift */ = {isa = PBXFileReference; lastKnownFileType = sourcecode.swift; path = My_First_AppUITests.swift; sourceTree = "<group>"; };
		3412517B204FBCF1004C901D /* Info.plist */ = {isa = PBXFileReference; lastKnownFileType = text.plist.xml; path = Info.plist; sourceTree = "<group>"; };
/* End PBXFileReference section */

/* Begin PBXFrameworksBuildPhase section */
		34125153204FBCF1004C901D /* Frameworks */ = {
			isa = PBXFrameworksBuildPhase;
			buildActionMask = 2147483647;
			files = (
			);
			runOnlyForDeploymentPostprocessing = 0;
		};
		34125167204FBCF1004C901D /* Frameworks */ = {
			isa = PBXFrameworksBuildPhase;
			buildActionMask = 2147483647;
			files = (
			);
			runOnlyForDeploymentPostprocessing = 0;
		};
		34125172204FBCF1004C901D /* Frameworks */ = {
			isa = PBXFrameworksBuildPhase;
			buildActionMask = 2147483647;
			files = (
			);
			runOnlyForDeploymentPostprocessing = 0;
		};
/* End PBXFrameworksBuildPhase section */

/* Begin PBXGroup section */
		3412514D204FBCF1004C901D = {
			isa = PBXGroup;
			children = (
				34125158204FBCF1004C901D /* My First App */,
				3412516D204FBCF1004C901D /* My First AppTests */,
				34125178204FBCF1004C901D /* My First AppUITests */,
				34125157204FBCF1004C901D /* Products */,
			);
			sourceTree = "<group>";
		};
		34125157204FBCF1004C901D /* Products */ = {
			isa = PBXGroup;
			children = (
				34125156204FBCF1004C901D /* My First App.app */,
				3412516A204FBCF1004C901D /* My First AppTests.xctest */,
				34125175204FBCF1004C901D /* My First AppUITests.xctest */,
			);
			name = Products;
			sourceTree = "<group>";
		};
		34125158204FBCF1004C901D /* My First App */ = {
			isa = PBXGroup;
			children = (
				34125159204FBCF1004C901D /* AppDelegate.swift */,
				3412515B204FBCF1004C901D /* ViewController.swift */,
				3412515D204FBCF1004C901D /* Main.storyboard */,
				34125160204FBCF1004C901D /* Assets.xcassets */,
				34125162204FBCF1004C901D /* LaunchScreen.storyboard */,
				34125165204FBCF1004C901D /* Info.plist */,
			);
			path = "My First App";
			sourceTree = "<group>";
		};
		3412516D204FBCF1004C901D /* My First AppTests */ = {
			isa = PBXGroup;
			children = (
				3412516E204FBCF1004C901D /* My_First_AppTests.swift */,
				34125170204FBCF1004C901D /* Info.plist */,
			);
			path = "My First AppTests";
			sourceTree = "<group>";
		};
		34125178204FBCF1004C901D /* My First AppUITests */ = {
			isa = PBXGroup;
			children = (
				34125179204FBCF1004C901D /* My_First_AppUITests.swift */,
				3412517B204FBCF1004C901D /* Info.plist */,
			);
			path = "My First AppUITests";
			sourceTree = "<group>";
		};
/* End PBXGroup section */

/* Begin PBXNativeTarget section */
		34125155204FBCF1004C901D /* My First App */ = {
			isa = PBXNativeTarget;
			buildConfigurationList = 3412517E204FBCF1004C901D /* Build configuration list for PBXNativeTarget "My First App" */;
			buildPhases = (
				34125152204FBCF1004C901D /* Sources */,
				34125153204FBCF1004C901D /* Frameworks */,
				34125154204FBCF1004C901D /* Resources */,
			);
			buildRules = (
			);
			dependencies = (
			);
			name = "My First App";
			productName = "My First App";
			productReference = 34125156204FBCF1004C901D /* My First App.app */;
			productType = "com.apple.product-type.application";
		};
		34125169204FBCF1004C901D /* My First AppTests */ = {
			isa = PBXNativeTarget;
			buildConfigurationList = 34125181204FBCF1004C901D /* Build configuration list for PBXNativeTarget "My First AppTests" */;
			buildPhases = (
				34125166204FBCF1004C901D /* Sources */,
				34125167204FBCF1004C901D /* Frameworks */,
				34125168204FBCF1004C901D /* Resources */,
			);
			buildRules = (
			);
			dependencies = (
				3412516C204FBCF1004C901D /* PBXTargetDependency */,
			);
			name = "My First AppTests";
			productName = "My First AppTests";
			productReference = 3412516A204FBCF1004C901D /* My First AppTests.xctest */;
			productType = "com.apple.product-type.bundle.unit-test";
		};
		34125174204FBCF1004C901D /* My First AppUITests */ = {
			isa = PBXNativeTarget;
			buildConfigurationList = 34125184204FBCF1004C901D /* Build configuration list for PBXNativeTarget "My First AppUITests" */;
			buildPhases = (
				34125171204FBCF1004C901D /* Sources */,
				34125172204FBCF1004C901D /* Frameworks */,
				34125173204FBCF1004C901D /* Resources */,
			);
			buildRules = (
			);
			dependencies = (
				34125177204FBCF1004C901D /* PBXTargetDependency */,
			);
			name = "My First AppUITests";
			productName = "My First AppUITests";
			productReference = 34125175204FBCF1004C901D /* My First AppUITests.xctest */;
			productType = "com.apple.product-type.bundle.ui-testing";
		};
/* End PBXNativeTarget section */

/* Begin PBXProject section */
		3412514E204FBCF1004C901D /* Project object */ = {
			isa = PBXProject;
			attributes = {
				LastSwiftUpdateCheck = 0920;
				LastUpgradeCheck = 0920;
				ORGANIZATIONNAME = D7703_17;
				TargetAttributes = {
					34125155204FBCF1004C901D = {
						CreatedOnToolsVersion = 9.2;
						ProvisioningStyle = Automatic;
					};
					34125169204FBCF1004C901D = {
						CreatedOnToolsVersion = 9.2;
						ProvisioningStyle = Automatic;
						TestTargetID = 34125155204FBCF1004C901D;
					};
					34125174204FBCF1004C901D = {
						CreatedOnToolsVersion = 9.2;
						ProvisioningStyle = Automatic;
						TestTargetID = 34125155204FBCF1004C901D;
					};
				};
			};
			buildConfigurationList = 34125151204FBCF1004C901D /* Build configuration list for PBXProject "My First App" */;
			compatibilityVersion = "Xcode 8.0";
			developmentRegion = en;
			hasScannedForEncodings = 0;
			knownRegions = (
				en,
				Base,
			);
			mainGroup = 3412514D204FBCF1004C901D;
			productRefGroup = 34125157204FBCF1004C901D /* Products */;
			projectDirPath = "";
			projectRoot = "";
			targets = (
				34125155204FBCF1004C901D /* My First App */,
				34125169204FBCF1004C901D /* My First AppTests */,
				34125174204FBCF1004C901D /* My First AppUITests */,
			);
		};
/* End PBXProject section */

/* Begin PBXResourcesBuildPhase section */
		34125154204FBCF1004C901D /* Resources */ = {
			isa = PBXResourcesBuildPhase;
			buildActionMask = 2147483647;
			files = (
				34125164204FBCF1004C901D /* LaunchScreen.storyboard in Resources */,
				34125161204FBCF1004C901D /* Assets.xcassets in Resources */,
				3412515F204FBCF1004C901D /* Main.storyboard in Resources */,
			);
			runOnlyForDeploymentPostprocessing = 0;
		};
		34125168204FBCF1004C901D /* Resources */ = {
			isa = PBXResourcesBuildPhase;
			buildActionMask = 2147483647;
			files = (
			);
			runOnlyForDeploymentPostprocessing = 0;
		};
		34125173204FBCF1004C901D /* Resources */ = {
			isa = PBXResourcesBuildPhase;
			buildActionMask = 2147483647;
			files = (
			);
			runOnlyForDeploymentPostprocessing = 0;
		};
/* End PBXResourcesBuildPhase section */

/* Begin PBXSourcesBuildPhase section */
		34125152204FBCF1004C901D /* Sources */ = {
			isa = PBXSourcesBuildPhase;
			buildActionMask = 2147483647;
			files = (
				3412515C204FBCF1004C901D /* ViewController.swift in Sources */,
				3412515A204FBCF1004C901D /* AppDelegate.swift in Sources */,
			);
			runOnlyForDeploymentPostprocessing = 0;
		};
		34125166204FBCF1004C901D /* Sources */ = {
			isa = PBXSourcesBuildPhase;
			buildActionMask = 2147483647;
			files = (
				3412516F204FBCF1004C901D /* My_First_AppTests.swift in Sources */,
			);
			runOnlyForDeploymentPostprocessing = 0;
		};
		34125171204FBCF1004C901D /* Sources */ = {
			isa = PBXSourcesBuildPhase;
			buildActionMask = 2147483647;
			files = (
				3412517A204FBCF1004C901D /* My_First_AppUITests.swift in Sources */,
			);
			runOnlyForDeploymentPostprocessing = 0;
		};
/* End PBXSourcesBuildPhase section */

/* Begin PBXTargetDependency section */
		3412516C204FBCF1004C901D /* PBXTargetDependency */ = {
			isa = PBXTargetDependency;
			target = 34125155204FBCF1004C901D /* My First App */;
			targetProxy = 3412516B204FBCF1004C901D /* PBXContainerItemProxy */;
		};
		34125177204FBCF1004C901D /* PBXTargetDependency */ = {
			isa = PBXTargetDependency;
			target = 34125155204FBCF1004C901D /* My First App */;
			targetProxy = 34125176204FBCF1004C901D /* PBXContainerItemProxy */;
		};
/* End PBXTargetDependency section */

/* Begin PBXVariantGroup section */
		3412515D204FBCF1004C901D /* Main.storyboard */ = {
			isa = PBXVariantGroup;
			children = (
				3412515E204FBCF1004C901D /* Base */,
			);
			name = Main.storyboard;
			sourceTree = "<group>";
		};
		34125162204FBCF1004C901D /* LaunchScreen.storyboard */ = {
			isa = PBXVariantGroup;
			children = (
				34125163204FBCF1004C901D /* Base */,
			);
			name = LaunchScreen.storyboard;
			sourceTree = "<group>";
		};
/* End PBXVariantGroup section */

/* Begin XCBuildConfiguration section */
		3412517C204FBCF1004C901D /* Debug */ = {
			isa = XCBuildConfiguration;
			buildSettings = {
				ALWAYS_SEARCH_USER_PATHS = NO;
				CLANG_ANALYZER_NONNULL = YES;
				CLANG_ANALYZER_NUMBER_OBJECT_CONVERSION = YES_AGGRESSIVE;
				CLANG_CXX_LANGUAGE_STANDARD = "gnu++14";
				CLANG_CXX_LIBRARY = "libc++";
				CLANG_ENABLE_MODULES = YES;
				CLANG_ENABLE_OBJC_ARC = YES;
				CLANG_WARN_BLOCK_CAPTURE_AUTORELEASING = YES;
				CLANG_WARN_BOOL_CONVERSION = YES;
				CLANG_WARN_COMMA = YES;
				CLANG_WARN_CONSTANT_CONVERSION = YES;
				CLANG_WARN_DIRECT_OBJC_ISA_USAGE = YES_ERROR;
				CLANG_WARN_DOCUMENTATION_COMMENTS = YES;
				CLANG_WARN_EMPTY_BODY = YES;
				CLANG_WARN_ENUM_CONVERSION = YES;
				CLANG_WARN_INFINITE_RECURSION = YES;
				CLANG_WARN_INT_CONVERSION = YES;
				CLANG_WARN_NON_LITERAL_NULL_CONVERSION = YES;
				CLANG_WARN_OBJC_LITERAL_CONVERSION = YES;
				CLANG_WARN_OBJC_ROOT_CLASS = YES_ERROR;
				CLANG_WARN_RANGE_LOOP_ANALYSIS = YES;
				CLANG_WARN_STRICT_PROTOTYPES = YES;
				CLANG_WARN_SUSPICIOUS_MOVE = YES;
				CLANG_WARN_UNGUARDED_AVAILABILITY = YES_AGGRESSIVE;
				CLANG_WARN_UNREACHABLE_CODE = YES;
				CLANG_WARN__DUPLICATE_METHOD_MATCH = YES;
				CODE_SIGN_IDENTITY = "iPhone Developer";
				COPY_PHASE_STRIP = NO;
				DEBUG_INFORMATION_FORMAT = dwarf;
				ENABLE_STRICT_OBJC_MSGSEND = YES;
				ENABLE_TESTABILITY = YES;
				GCC_C_LANGUAGE_STANDARD = gnu11;
				GCC_DYNAMIC_NO_PIC = NO;
				GCC_NO_COMMON_BLOCKS = YES;
				GCC_OPTIMIZATION_LEVEL = 0;
				GCC_PREPROCESSOR_DEFINITIONS = (
					"DEBUG=1",
					"$(inherited)",
				);
				GCC_WARN_64_TO_32_BIT_CONVERSION = YES;
				GCC_WARN_ABOUT_RETURN_TYPE = YES_ERROR;
				GCC_WARN_UNDECLARED_SELECTOR = YES;
				GCC_WARN_UNINITIALIZED_AUTOS = YES_AGGRESSIVE;
				GCC_WARN_UNUSED_FUNCTION = YES;
				GCC_WARN_UNUSED_VARIABLE = YES;
				IPHONEOS_DEPLOYMENT_TARGET = 11.2;
				MTL_ENABLE_DEBUG_INFO = YES;
				ONLY_ACTIVE_ARCH = YES;
				SDKROOT = iphoneos;
				SWIFT_ACTIVE_COMPILATION_CONDITIONS = DEBUG;
				SWIFT_OPTIMIZATION_LEVEL = "-Onone";
			};
			name = Debug;
		};
		3412517D204FBCF1004C901D /* Release */ = {
			isa = XCBuildConfiguration;
			buildSettings = {
				ALWAYS_SEARCH_USER_PATHS = NO;
				CLANG_ANALYZER_NONNULL = YES;
				CLANG_ANALYZER_NUMBER_OBJECT_CONVERSION = YES_AGGRESSIVE;
				CLANG_CXX_LANGUAGE_STANDARD = "gnu++14";
				CLANG_CXX_LIBRARY = "libc++";
				CLANG_ENABLE_MODULES = YES;
				CLANG_ENABLE_OBJC_ARC = YES;
				CLANG_WARN_BLOCK_CAPTURE_AUTORELEASING = YES;
				CLANG_WARN_BOOL_CONVERSION = YES;
				CLANG_WARN_COMMA = YES;
				CLANG_WARN_CONSTANT_CONVERSION = YES;
				CLANG_WARN_DIRECT_OBJC_ISA_USAGE = YES_ERROR;
				CLANG_WARN_DOCUMENTATION_COMMENTS = YES;
				CLANG_WARN_EMPTY_BODY = YES;
				CLANG_WARN_ENUM_CONVERSION = YES;
				CLANG_WARN_INFINITE_RECURSION = YES;
				CLANG_WARN_INT_CONVERSION = YES;
				CLANG_WARN_NON_LITERAL_NULL_CONVERSION = YES;
				CLANG_WARN_OBJC_LITERAL_CONVERSION = YES;
				CLANG_WARN_OBJC_ROOT_CLASS = YES_ERROR;
				CLANG_WARN_RANGE_LOOP_ANALYSIS = YES;
				CLANG_WARN_STRICT_PROTOTYPES = YES;
				CLANG_WARN_SUSPICIOUS_MOVE = YES;
				CLANG_WARN_UNGUARDED_AVAILABILITY = YES_AGGRESSIVE;
				CLANG_WARN_UNREACHABLE_CODE = YES;
				CLANG_WARN__DUPLICATE_METHOD_MATCH = YES;
				CODE_SIGN_IDENTITY = "iPhone Developer";
				COPY_PHASE_STRIP = NO;
				DEBUG_INFORMATION_FORMAT = "dwarf-with-dsym";
				ENABLE_NS_ASSERTIONS = NO;
				ENABLE_STRICT_OBJC_MSGSEND = YES;
				GCC_C_LANGUAGE_STANDARD = gnu11;
				GCC_NO_COMMON_BLOCKS = YES;
				GCC_WARN_64_TO_32_BIT_CONVERSION = YES;
				GCC_WARN_ABOUT_RETURN_TYPE = YES_ERROR;
				GCC_WARN_UNDECLARED_SELECTOR = YES;
				GCC_WARN_UNINITIALIZED_AUTOS = YES_AGGRESSIVE;
				GCC_WARN_UNUSED_FUNCTION = YES;
				GCC_WARN_UNUSED_VARIABLE = YES;
				IPHONEOS_DEPLOYMENT_TARGET = 11.2;
				MTL_ENABLE_DEBUG_INFO = NO;
				SDKROOT = iphoneos;
				SWIFT_OPTIMIZATION_LEVEL = "-Owholemodule";
				VALIDATE_PRODUCT = YES;
			};
			name = Release;
		};
		3412517F204FBCF1004C901D /* Debug */ = {
			isa = XCBuildConfiguration;
			buildSettings = {
				ASSETCATALOG_COMPILER_APPICON_NAME = AppIcon;
				CODE_SIGN_STYLE = Automatic;
				INFOPLIST_FILE = "My First App/Info.plist";
				LD_RUNPATH_SEARCH_PATHS = "$(inherited) @executable_path/Frameworks";
				PRODUCT_BUNDLE_IDENTIFIER = "-.My-First-App";
				PRODUCT_NAME = "$(TARGET_NAME)";
				SWIFT_VERSION = 4.0;
				TARGETED_DEVICE_FAMILY = "1,2";
			};
			name = Debug;
		};
		34125180204FBCF1004C901D /* Release */ = {
			isa = XCBuildConfiguration;
			buildSettings = {
				ASSETCATALOG_COMPILER_APPICON_NAME = AppIcon;
				CODE_SIGN_STYLE = Automatic;
				INFOPLIST_FILE = "My First App/Info.plist";
				LD_RUNPATH_SEARCH_PATHS = "$(inherited) @executable_path/Frameworks";
				PRODUCT_BUNDLE_IDENTIFIER = "-.My-First-App";
				PRODUCT_NAME = "$(TARGET_NAME)";
				SWIFT_VERSION = 4.0;
				TARGETED_DEVICE_FAMILY = "1,2";
			};
			name = Release;
		};
		34125182204FBCF1004C901D /* Debug */ = {
			isa = XCBuildConfiguration;
			buildSettings = {
				ALWAYS_EMBED_SWIFT_STANDARD_LIBRARIES = YES;
				BUNDLE_LOADER = "$(TEST_HOST)";
				CODE_SIGN_STYLE = Automatic;
				INFOPLIST_FILE = "My First AppTests/Info.plist";
				LD_RUNPATH_SEARCH_PATHS = "$(inherited) @executable_path/Frameworks @loader_path/Frameworks";
				PRODUCT_BUNDLE_IDENTIFIER = "-.My-First-AppTests";
				PRODUCT_NAME = "$(TARGET_NAME)";
				SWIFT_VERSION = 4.0;
				TARGETED_DEVICE_FAMILY = "1,2";
				TEST_HOST = "$(BUILT_PRODUCTS_DIR)/My First App.app/My First App";
			};
			name = Debug;
		};
		34125183204FBCF1004C901D /* Release */ = {
			isa = XCBuildConfiguration;
			buildSettings = {
				ALWAYS_EMBED_SWIFT_STANDARD_LIBRARIES = YES;
				BUNDLE_LOADER = "$(TEST_HOST)";
				CODE_SIGN_STYLE = Automatic;
				INFOPLIST_FILE = "My First AppTests/Info.plist";
				LD_RUNPATH_SEARCH_PATHS = "$(inherited) @executable_path/Frameworks @loader_path/Frameworks";
				PRODUCT_BUNDLE_IDENTIFIER = "-.My-First-AppTests";
				PRODUCT_NAME = "$(TARGET_NAME)";
				SWIFT_VERSION = 4.0;
				TARGETED_DEVICE_FAMILY = "1,2";
				TEST_HOST = "$(BUILT_PRODUCTS_DIR)/My First App.app/My First App";
			};
			name = Release;
		};
		34125185204FBCF1004C901D /* Debug */ = {
			isa = XCBuildConfiguration;
			buildSettings = {
				ALWAYS_EMBED_SWIFT_STANDARD_LIBRARIES = YES;
				CODE_SIGN_STYLE = Automatic;
				INFOPLIST_FILE = "My First AppUITests/Info.plist";
				LD_RUNPATH_SEARCH_PATHS = "$(inherited) @executable_path/Frameworks @loader_path/Frameworks";
				PRODUCT_BUNDLE_IDENTIFIER = "-.My-First-AppUITests";
				PRODUCT_NAME = "$(TARGET_NAME)";
				SWIFT_VERSION = 4.0;
				TARGETED_DEVICE_FAMILY = "1,2";
				TEST_TARGET_NAME = "My First App";
			};
			name = Debug;
		};
		34125186204FBCF1004C901D /* Release */ = {
			isa = XCBuildConfiguration;
			buildSettings = {
				ALWAYS_EMBED_SWIFT_STANDARD_LIBRARIES = YES;
				CODE_SIGN_STYLE = Automatic;
				INFOPLIST_FILE = "My First AppUITests/Info.plist";
				LD_RUNPATH_SEARCH_PATHS = "$(inherited) @executable_path/Frameworks @loader_path/Frameworks";
				PRODUCT_BUNDLE_IDENTIFIER = "-.My-First-AppUITests";
				PRODUCT_NAME = "$(TARGET_NAME)";
				SWIFT_VERSION = 4.0;
				TARGETED_DEVICE_FAMILY = "1,2";
				TEST_TARGET_NAME = "My First App";
			};
			name = Release;
		};
/* End XCBuildConfiguration section */

/* Begin XCConfigurationList section */
		34125151204FBCF1004C901D /* Build configuration list for PBXProject "My First App" */ = {
			isa = XCConfigurationList;
			buildConfigurations = (
				3412517C204FBCF1004C901D /* Debug */,
				3412517D204FBCF1004C901D /* Release */,
			);
			defaultConfigurationIsVisible = 0;
			defaultConfigurationName = Release;
		};
		3412517E204FBCF1004C901D /* Build configuration list for PBXNativeTarget "My First App" */ = {
			isa = XCConfigurationList;
			buildConfigurations = (
				3412517F204FBCF1004C901D /* Debug */,
				34125180204FBCF1004C901D /* Release */,
			);
			defaultConfigurationIsVisible = 0;
			defaultConfigurationName = Release;
		};
		34125181204FBCF1004C901D /* Build configuration list for PBXNativeTarget "My First AppTests" */ = {
			isa = XCConfigurationList;
			buildConfigurations = (
				34125182204FBCF1004C901D /* Debug */,
				34125183204FBCF1004C901D /* Release */,
			);
			defaultConfigurationIsVisible = 0;
			defaultConfigurationName = Release;
		};
		34125184204FBCF1004C901D /* Build configuration list for PBXNativeTarget "My First AppUITests" */ = {
			isa = XCConfigurationList;
			buildConfigurations = (
				34125185204FBCF1004C901D /* Debug */,
				34125186204FBCF1004C901D /* Release */,
			);
			defaultConfigurationIsVisible = 0;
			defaultConfigurationName = Release;
		};
/* End XCConfigurationList section */
	};
	rootObject = 3412514E204FBCF1004C901D /* Project object */;
}
